
Microsoft Visual Studio Solution File, Format Version 12.00
# Visual Studio Version 17
VisualStudioVersion = 17.1.32210.238
MinimumVisualStudioVersion = 10.0.40219.1
Project("{FAE04EC0-301F-11D3-BF4B-00C04F79EFBC}") = "DCYC.Signage", "DCYC.Signage.csproj", "{959DF2C2-8C7E-4348-851A-53E3945F55F6}"
EndProject
Global
	GlobalSection(SolutionConfigurationPlatforms) = preSolution
		Debug|Any CPU = Debug|Any CPU
		Release|Any CPU = Release|Any CPU
	EndGlobalSection
	GlobalSection(ProjectConfigurationPlatforms) = postSolution
		{959DF2C2-8C7E-4348-851A-53E3945F55F6}.Debug|Any CPU.ActiveCfg = Debug|Any CPU
		{959DF2C2-8C7E-4348-851A-53E3945F55F6}.Debug|Any CPU.Build.0 = Debug|Any CPU
		{959DF2C2-8C7E-4348-851A-53E3945F55F6}.Release|Any CPU.ActiveCfg = Release|Any CPU
		{959DF2C2-8C7E-4348-851A-53E3945F55F6}.Release|Any CPU.Build.0 = Release|Any CPU
	EndGlobalSection
	GlobalSection(SolutionProperties) = preSolution
		HideSolutionNode = FALSE
	EndGlobalSection
	GlobalSection(ExtensibilityGlobals) = postSolution
		SolutionGuid = {4181FF97-DACC-438F-8882-B4E608332300}
	EndGlobalSection
EndGlobal
